github.com/HEIGE-PCloud/DoIt v0.4.0 h1:nEiTroblsCyDo4K7LK7MhFVWUESnKuxqmzpdSk/i3M0=
github.com/HEIGE-PCloud/DoIt v0.4.0/go.mod h1:SyEBjqY19ONqToU6wtTjPO84tNuPsMTQ+E/iX20addA=
github.com/lxndrblz/anatole v1.13.0 h1:H3f6kEZJWSPApJyvWSEee6L+rjWY896peMbSFpY9Eks=
github.com/lxndrblz/anatole v1.13.0/go.mod h1:hy61SRyUDKaWw2P+cERt9UPde5guWyVKgtjdzRF5bfI=
