github.com/adityatelange/hugo-PaperMod v0.0.0-20240107104123-71ce72b1bfb8 h1:byqcpj7xzQexXLLP8OSBQDtcS1jzMw2EeFEfvKPoM/U=
github.com/adityatelange/hugo-PaperMod v0.0.0-20240107104123-71ce72b1bfb8/go.mod h1:HCHxNMKYdGafUYjVV3ICiAqznZK2yH0iI53jqcDFDdQ=
github.com/lxndrblz/anatole v1.13.0 h1:H3f6kEZJWSPApJyvWSEee6L+rjWY896peMbSFpY9Eks=
github.com/lxndrblz/anatole v1.13.0/go.mod h1:hy61SRyUDKaWw2P+cERt9UPde5guWyVKgtjdzRF5bfI=
